{
  "originHash" : "13ee39d4a3245e0858d18198ab9517350bc82ac151fb5864d20913dc4b2cf341",
  "pins" : [
    {
      "identity" : "async-http-client",
      "kind" : "remoteSourceControl",
      "location" : "https://github.com/swift-server/async-http-client.git",
      "state" : {
        "revision" : "60235983163d040f343a489f7e2e77c1918a8bd9",
        "version" : "1.26.1"
      }
    },
    {
      "identity" : "async-kit",
      "kind" : "remoteSourceControl",
      "location" : "https://github.com/vapor/async-kit.git",
      "state" : {
        "revision" : "6f3615ccf2ac3c2ae0c8087d527546e9544a43dd",
        "version" : "1.21.0"
      }
    },
    {
      "identity" : "console-kit",
      "kind" : "remoteSourceControl",
      "location" : "https://github.com/vapor/console-kit.git",
      "state" : {
        "revision" : "742f624a998cba2a9e653d9b1e91ad3f3a5dff6b",
        "version" : "4.15.2"
      }
    },
    {
      "identity" : "extendedconfiguration",
      "kind" : "remoteSourceControl",
      "location" : "https://github.com/Mikroservices/ExtendedConfiguration.git",
      "state" : {
        "revision" : "7caa94daa6893a49ae744e001c062160b1b2eff9",
        "version" : "1.0.3"
      }
    },
    {
      "identity" : "extendederror",
      "kind" : "remoteSourceControl",
      "location" : "https://github.com/Mikroservices/ExtendedError.git",
      "state" : {
        "revision" : "6abaeaebd9173620f438c3e0124ea6b6c1f375fa",
        "version" : "2.0.0"
      }
    },
    {
      "identity" : "fluent",
      "kind" : "remoteSourceControl",
      "location" : "https://github.com/vapor/fluent.git",
      "state" : {
        "revision" : "223b27d04ab2b51c25503c9922eecbcdf6c12f89",
        "version" : "4.12.0"
      }
    },
    {
      "identity" : "fluent-kit",
      "kind" : "remoteSourceControl",
      "location" : "https://github.com/vapor/fluent-kit.git",
      "state" : {
        "revision" : "8baacd7e8f7ebf68886c496b43bbe6cdcc5b57e0",
        "version" : "1.52.2"
      }
    },
    {
      "identity" : "fluent-postgres-driver",
      "kind" : "remoteSourceControl",
      "location" : "https://github.com/vapor/fluent-postgres-driver.git",
      "state" : {
        "revision" : "095bc5a17ab3363167f4becb270b6f8eb790481c",
        "version" : "2.10.1"
      }
    },
    {
      "identity" : "fluent-sqlite-driver",
      "kind" : "remoteSourceControl",
      "location" : "https://github.com/vapor/fluent-sqlite-driver.git",
      "state" : {
        "revision" : "73529a63ab11c7fe87da17b5a67a1b1f58c020f8",
        "version" : "4.8.1"
      }
    },
    {
      "identity" : "ink",
      "kind" : "remoteSourceControl",
      "location" : "https://github.com/johnsundell/ink.git",
      "state" : {
        "revision" : "bcc9f219900a62c4210e6db726035d7f03ae757b",
        "version" : "0.6.0"
      }
    },
    {
      "identity" : "jmespath.swift",
      "kind" : "remoteSourceControl",
      "location" : "https://github.com/jmespath/jmespath.swift.git",
      "state" : {
        "revision" : "3877a5060e85ae33e3b9fe51ab581784f65ec80e",
        "version" : "1.0.3"
      }
    },
    {
      "identity" : "jwt",
      "kind" : "remoteSourceControl",
      "location" : "https://github.com/vapor/jwt.git",
      "state" : {
        "revision" : "d65f32bfd08fae5910d603028be5dec4f35b3482",
        "version" : "4.2.2"
      }
    },
    {
      "identity" : "jwt-kit",
      "kind" : "remoteSourceControl",
      "location" : "https://github.com/vapor/jwt-kit.git",
      "state" : {
        "revision" : "13e7513b3ba0afa13967daf77af2fb4ad087306c",
        "version" : "4.13.5"
      }
    },
    {
      "identity" : "leaf",
      "kind" : "remoteSourceControl",
      "location" : "https://github.com/vapor/leaf.git",
      "state" : {
        "revision" : "b70a6108e4917f338f6b8848407bf655aa7e405f",
        "version" : "4.5.1"
      }
    },
    {
      "identity" : "leaf-kit",
      "kind" : "remoteSourceControl",
      "location" : "https://github.com/vapor/leaf-kit.git",
      "state" : {
        "revision" : "cf186d8f2ef33e16fd1dd78df36466c22c2e632f",
        "version" : "1.13.1"
      }
    },
    {
      "identity" : "multipart-kit",
      "kind" : "remoteSourceControl",
      "location" : "https://github.com/vapor/multipart-kit.git",
      "state" : {
        "revision" : "3498e60218e6003894ff95192d756e238c01f44e",
        "version" : "4.7.1"
      }
    },
    {
      "identity" : "package-frostflake",
      "kind" : "remoteSourceControl",
      "location" : "https://github.com/ordo-one/package-frostflake.git",
      "state" : {
        "revision" : "00a9e6444ce2ae013521b8faab635a36dbb214c7",
        "version" : "6.0.0"
      }
    },
    {
      "identity" : "postgres-kit",
      "kind" : "remoteSourceControl",
      "location" : "https://github.com/vapor/postgres-kit.git",
      "state" : {
        "revision" : "f4d4b9e8db9a907644d67d6a7ecb5f0314eec1ad",
        "version" : "2.14.0"
      }
    },
    {
      "identity" : "postgres-nio",
      "kind" : "remoteSourceControl",
      "location" : "https://github.com/vapor/postgres-nio.git",
      "state" : {
        "revision" : "8ee6118c03501196be183b0938d2ec4478c18954",
        "version" : "1.27.0"
      }
    },
    {
      "identity" : "queues",
      "kind" : "remoteSourceControl",
      "location" : "https://github.com/vapor/queues.git",
      "state" : {
        "revision" : "f1764d5fef7e8ede8f3585deb63ece01ea25c2db",
        "version" : "1.17.2"
      }
    },
    {
      "identity" : "queues-redis-driver",
      "kind" : "remoteSourceControl",
      "location" : "https://github.com/vapor/queues-redis-driver.git",
      "state" : {
        "revision" : "a3dac0d311cead67917ad4221feb061e3609b145",
        "version" : "1.1.2"
      }
    },
    {
      "identity" : "redis",
      "kind" : "remoteSourceControl",
      "location" : "https://github.com/vapor/redis.git",
      "state" : {
        "revision" : "f4ac19812066c3ff735f9aac3e254ee673aa6418",
        "version" : "4.13.0"
      }
    },
    {
      "identity" : "redistack",
      "kind" : "remoteSourceControl",
      "location" : "https://github.com/swift-server/RediStack.git",
      "state" : {
        "revision" : "622ce440f90d79b58e45f3a3efdd64c51d1dfd17",
        "version" : "1.6.2"
      }
    },
    {
      "identity" : "routing-kit",
      "kind" : "remoteSourceControl",
      "location" : "https://github.com/vapor/routing-kit.git",
      "state" : {
        "revision" : "93f7222c8e195cbad39fafb5a0e4cc85a8def7ea",
        "version" : "4.9.2"
      }
    },
    {
      "identity" : "smtp",
      "kind" : "remoteSourceControl",
      "location" : "https://github.com/Mikroservices/Smtp.git",
      "state" : {
        "revision" : "2f77e5cc35778976a403752fcd74682c4cb5c5f4",
        "version" : "3.1.2"
      }
    },
    {
      "identity" : "soto-codegenerator",
      "kind" : "remoteSourceControl",
      "location" : "https://github.com/soto-project/soto-codegenerator.git",
      "state" : {
        "revision" : "5f1771ff35cd87edc71ebafe7ddfcf6fff794471",
        "version" : "7.8.1"
      }
    },
    {
      "identity" : "soto-core",
      "kind" : "remoteSourceControl",
      "location" : "https://github.com/soto-project/soto-core.git",
      "state" : {
        "revision" : "b641a1b521c2674638325ca62aec126507e3cddd",
        "version" : "7.8.0"
      }
    },
    {
      "identity" : "soto-smithy",
      "kind" : "remoteSourceControl",
      "location" : "https://github.com/soto-project/soto-smithy.git",
      "state" : {
        "revision" : "060f0d09248c65facb9385f9337e0d5d7d62df00",
        "version" : "0.4.8"
      }
    },
    {
      "identity" : "sql-kit",
      "kind" : "remoteSourceControl",
      "location" : "https://github.com/vapor/sql-kit.git",
      "state" : {
        "revision" : "0169d063f6eb9f384a85c5ccc881fe2b32de53f1",
        "version" : "3.33.1"
      }
    },
    {
      "identity" : "sqlite-kit",
      "kind" : "remoteSourceControl",
      "location" : "https://github.com/vapor/sqlite-kit.git",
      "state" : {
        "revision" : "f35a863ecc2da5d563b836a9a696b148b0f4169f",
        "version" : "4.5.2"
      }
    },
    {
      "identity" : "sqlite-nio",
      "kind" : "remoteSourceControl",
      "location" : "https://github.com/vapor/sqlite-nio.git",
      "state" : {
        "revision" : "62d6935d970f6ebfc1f2469e7e813a148147c84d",
        "version" : "1.11.8"
      }
    },
    {
      "identity" : "swift-algorithms",
      "kind" : "remoteSourceControl",
      "location" : "https://github.com/apple/swift-algorithms.git",
      "state" : {
        "revision" : "87e50f483c54e6efd60e885f7f5aa946cee68023",
        "version" : "1.2.1"
      }
    },
    {
      "identity" : "swift-argument-parser",
      "kind" : "remoteSourceControl",
      "location" : "https://github.com/apple/swift-argument-parser",
      "state" : {
        "revision" : "309a47b2b1d9b5e991f36961c983ecec72275be3",
        "version" : "1.6.1"
      }
    },
    {
      "identity" : "swift-asn1",
      "kind" : "remoteSourceControl",
      "location" : "https://github.com/apple/swift-asn1.git",
      "state" : {
        "revision" : "f70225981241859eb4aa1a18a75531d26637c8cc",
        "version" : "1.4.0"
      }
    },
    {
      "identity" : "swift-async-algorithms",
      "kind" : "remoteSourceControl",
      "location" : "https://github.com/apple/swift-async-algorithms.git",
      "state" : {
        "revision" : "042e1c4d9d19748c9c228f8d4ebc97bb1e339b0b",
        "version" : "1.0.4"
      }
    },
    {
      "identity" : "swift-atomics",
      "kind" : "remoteSourceControl",
      "location" : "https://github.com/apple/swift-atomics.git",
      "state" : {
        "revision" : "b601256eab081c0f92f059e12818ac1d4f178ff7",
        "version" : "1.3.0"
      }
    },
    {
      "identity" : "swift-certificates",
      "kind" : "remoteSourceControl",
      "location" : "https://github.com/apple/swift-certificates.git",
      "state" : {
        "revision" : "c059d9c9d08d6654b9a92dda93d9049a278964c6",
        "version" : "1.12.0"
      }
    },
    {
      "identity" : "swift-collections",
      "kind" : "remoteSourceControl",
      "location" : "https://github.com/apple/swift-collections.git",
      "state" : {
        "revision" : "8c0c0a8b49e080e54e5e328cc552821ff07cd341",
        "version" : "1.2.1"
      }
    },
    {
      "identity" : "swift-crypto",
      "kind" : "remoteSourceControl",
      "location" : "https://github.com/apple/swift-crypto.git",
      "state" : {
        "revision" : "334e682869394ee239a57dbe9262bff3cd9495bd",
        "version" : "3.14.0"
      }
    },
    {
      "identity" : "swift-distributed-tracing",
      "kind" : "remoteSourceControl",
      "location" : "https://github.com/apple/swift-distributed-tracing.git",
      "state" : {
        "revision" : "b78796709d243d5438b36e74ce3c5ec2d2ece4d8",
        "version" : "1.2.1"
      }
    },
    {
      "identity" : "swift-docc-plugin",
      "kind" : "remoteSourceControl",
      "location" : "https://github.com/apple/swift-docc-plugin.git",
      "state" : {
        "revision" : "3e4f133a77e644a5812911a0513aeb7288b07d06",
        "version" : "1.4.5"
      }
    },
    {
      "identity" : "swift-docc-symbolkit",
      "kind" : "remoteSourceControl",
      "location" : "https://github.com/swiftlang/swift-docc-symbolkit",
      "state" : {
        "revision" : "b45d1f2ed151d057b54504d653e0da5552844e34",
        "version" : "1.0.0"
      }
    },
    {
      "identity" : "swift-http-structured-headers",
      "kind" : "remoteSourceControl",
      "location" : "https://github.com/apple/swift-http-structured-headers.git",
      "state" : {
        "revision" : "1625f271afb04375bf48737a5572613248d0e7a0",
        "version" : "1.4.0"
      }
    },
    {
      "identity" : "swift-http-types",
      "kind" : "remoteSourceControl",
      "location" : "https://github.com/apple/swift-http-types.git",
      "state" : {
        "revision" : "a0a57e949a8903563aba4615869310c0ebf14c03",
        "version" : "1.4.0"
      }
    },
    {
      "identity" : "swift-log",
      "kind" : "remoteSourceControl",
      "location" : "https://github.com/apple/swift-log.git",
      "state" : {
        "revision" : "ce592ae52f982c847a4efc0dd881cc9eb32d29f2",
        "version" : "1.6.4"
      }
    },
    {
      "identity" : "swift-metrics",
      "kind" : "remoteSourceControl",
      "location" : "https://github.com/apple/swift-metrics.git",
      "state" : {
        "revision" : "4c83e1cdf4ba538ef6e43a9bbd0bcc33a0ca46e3",
        "version" : "2.7.0"
      }
    },
    {
      "identity" : "swift-mustache",
      "kind" : "remoteSourceControl",
      "location" : "https://github.com/hummingbird-project/swift-mustache.git",
      "state" : {
        "revision" : "9de71fc4d10f0efc0ac758d0acf14e75d39b47b4",
        "version" : "2.0.0"
      }
    },
    {
      "identity" : "swift-nio",
      "kind" : "remoteSourceControl",
      "location" : "https://github.com/apple/swift-nio.git",
      "state" : {
        "revision" : "1c30f0f2053b654e3d1302492124aa6d242cdba7",
        "version" : "2.86.0"
      }
    },
    {
      "identity" : "swift-nio-extras",
      "kind" : "remoteSourceControl",
      "location" : "https://github.com/apple/swift-nio-extras.git",
      "state" : {
        "revision" : "a55c3dd3a81d035af8a20ce5718889c0dcab073d",
        "version" : "1.29.0"
      }
    },
    {
      "identity" : "swift-nio-http2",
      "kind" : "remoteSourceControl",
      "location" : "https://github.com/apple/swift-nio-http2.git",
      "state" : {
        "revision" : "5e9e99ec96c53bc2c18ddd10c1e25a3cd97c55e5",
        "version" : "1.38.0"
      }
    },
    {
      "identity" : "swift-nio-ssl",
      "kind" : "remoteSourceControl",
      "location" : "https://github.com/apple/swift-nio-ssl.git",
      "state" : {
        "revision" : "385f5bd783ffbfff46b246a7db7be8e4f04c53bd",
        "version" : "2.33.0"
      }
    },
    {
      "identity" : "swift-nio-transport-services",
      "kind" : "remoteSourceControl",
      "location" : "https://github.com/apple/swift-nio-transport-services.git",
      "state" : {
        "revision" : "e645014baea2ec1c2db564410c51a656cf47c923",
        "version" : "1.25.1"
      }
    },
    {
      "identity" : "swift-numerics",
      "kind" : "remoteSourceControl",
      "location" : "https://github.com/apple/swift-numerics.git",
      "state" : {
        "revision" : "e0ec0f5f3af6f3e4d5e7a19d2af26b481acb6ba8",
        "version" : "1.0.3"
      }
    },
    {
      "identity" : "swift-service-context",
      "kind" : "remoteSourceControl",
      "location" : "https://github.com/apple/swift-service-context.git",
      "state" : {
        "revision" : "1983448fefc717a2bc2ebde5490fe99873c5b8a6",
        "version" : "1.2.1"
      }
    },
    {
      "identity" : "swift-service-lifecycle",
      "kind" : "remoteSourceControl",
      "location" : "https://github.com/swift-server/swift-service-lifecycle.git",
      "state" : {
        "revision" : "e7187309187695115033536e8fc9b2eb87fd956d",
        "version" : "2.8.0"
      }
    },
    {
      "identity" : "swift-system",
      "kind" : "remoteSourceControl",
      "location" : "https://github.com/apple/swift-system",
      "state" : {
        "revision" : "890830fff1a577dc83134890c7984020c5f6b43b",
        "version" : "1.6.2"
      }
    },
    {
      "identity" : "swiftexif",
      "kind" : "remoteSourceControl",
      "location" : "https://github.com/kradalby/SwiftExif.git",
      "state" : {
        "revision" : "ab83faa56618d14678279d3c93bb2fbc9070cb2b",
        "version" : "0.0.7"
      }
    },
    {
      "identity" : "swiftgd",
      "kind" : "remoteSourceControl",
      "location" : "https://github.com/twostraws/SwiftGD.git",
      "state" : {
        "branch" : "main",
        "revision" : "07650dcb343d5b045598459fd3aad0936e0259bf"
      }
    },
    {
      "identity" : "swiftsoup",
      "kind" : "remoteSourceControl",
      "location" : "https://github.com/scinfu/SwiftSoup.git",
      "state" : {
        "revision" : "3a439f9eccc391b264d54516ce640251552eb0c4",
        "version" : "2.10.3"
      }
    },
    {
      "identity" : "vapor",
      "kind" : "remoteSourceControl",
      "location" : "https://github.com/vapor/vapor.git",
      "state" : {
        "revision" : "3636f443474769147828a5863e81a31f6f30e92c",
        "version" : "4.115.1"
      }
    },
    {
      "identity" : "websocket-kit",
      "kind" : "remoteSourceControl",
      "location" : "https://github.com/vapor/websocket-kit.git",
      "state" : {
        "revision" : "8666c92dbbb3c8eefc8008c9c8dcf50bfd302167",
        "version" : "2.16.1"
      }
    },
    {
      "identity" : "zipfoundation",
      "kind" : "remoteSourceControl",
      "location" : "https://github.com/weichsel/ZIPFoundation.git",
      "state" : {
        "branch" : "feature/swift6",
        "revision" : "82a11218c20504d3be0233ebc6f88afb12f6b29d"
      }
    }
  ],
  "version" : 3
}
